// !$*UTF8*$!
{
	archiveVersion = 1;
	classes = {
	};
	objectVersion = 77;
	objects = {

/* Begin PBXBuildFile section */
		100000000000000000000101 /* XFinderApp.swift in Sources */ = {isa = PBXBuildFile; fileRef = 100000000000000000000001 /* XFinderApp.swift */; };
		100000000000000000000102 /* ContentView.swift in Sources */ = {isa = PBXBuildFile; fileRef = 100000000000000000000002 /* ContentView.swift */; };
		100000000000000000000103 /* FileItem.swift in Sources */ = {isa = PBXBuildFile; fileRef = 100000000000000000000003 /* FileItem.swift */; };
		100000000000000000000104 /* FileSystemService.swift in Sources */ = {isa = PBXBuildFile; fileRef = 100000000000000000000004 /* FileSystemService.swift */; };
		100000000000000000000105 /* BrowserViewModel.swift in Sources */ = {isa = PBXBuildFile; fileRef = 100000000000000000000005 /* BrowserViewModel.swift */; };
		100000000000000000000106 /* SidebarView.swift in Sources */ = {isa = PBXBuildFile; fileRef = 100000000000000000000006 /* SidebarView.swift */; };
		100000000000000000000107 /* PathBarView.swift in Sources */ = {isa = PBXBuildFile; fileRef = 100000000000000000000007 /* PathBarView.swift */; };
		100000000000000000000108 /* FileListView.swift in Sources */ = {isa = PBXBuildFile; fileRef = 100000000000000000000008 /* FileListView.swift */; };
		100000000000000000000109 /* Assets.xcassets in Resources */ = {isa = PBXBuildFile; fileRef = 100000000000000000000009 /* Assets.xcassets */; };
		100000000000000000000110 /* Blank.docx in Resources */ = {isa = PBXBuildFile; fileRef = 100000000000000000000012 /* Blank.docx */; };
		100000000000000000000111 /* Blank.xlsx in Resources */ = {isa = PBXBuildFile; fileRef = 100000000000000000000013 /* Blank.xlsx */; };
		100000000000000000000112 /* Blank.pptx in Resources */ = {isa = PBXBuildFile; fileRef = 100000000000000000000014 /* Blank.pptx */; };
/* End PBXBuildFile section */

/* Begin PBXFileReference section */
		100000000000000000000001 /* XFinderApp.swift */ = {isa = PBXFileReference; lastKnownFileType = sourcecode.swift; path = XFinderApp.swift; sourceTree = "<group>"; };
		100000000000000000000002 /* ContentView.swift */ = {isa = PBXFileReference; lastKnownFileType = sourcecode.swift; path = ContentView.swift; sourceTree = "<group>"; };
		100000000000000000000003 /* FileItem.swift */ = {isa = PBXFileReference; lastKnownFileType = sourcecode.swift; path = FileItem.swift; sourceTree = "<group>"; };
		100000000000000000000004 /* FileSystemService.swift */ = {isa = PBXFileReference; lastKnownFileType = sourcecode.swift; path = FileSystemService.swift; sourceTree = "<group>"; };
		100000000000000000000005 /* BrowserViewModel.swift */ = {isa = PBXFileReference; lastKnownFileType = sourcecode.swift; path = BrowserViewModel.swift; sourceTree = "<group>"; };
		100000000000000000000006 /* SidebarView.swift */ = {isa = PBXFileReference; lastKnownFileType = sourcecode.swift; path = SidebarView.swift; sourceTree = "<group>"; };
		100000000000000000000007 /* PathBarView.swift */ = {isa = PBXFileReference; lastKnownFileType = sourcecode.swift; path = PathBarView.swift; sourceTree = "<group>"; };
		100000000000000000000008 /* FileListView.swift */ = {isa = PBXFileReference; lastKnownFileType = sourcecode.swift; path = FileListView.swift; sourceTree = "<group>"; };
		100000000000000000000009 /* Assets.xcassets */ = {isa = PBXFileReference; lastKnownFileType = folder.assetcatalog; path = Assets.xcassets; sourceTree = "<group>"; };
		100000000000000000000010 /* XFinder.app */ = {isa = PBXFileReference; explicitFileType = wrapper.application; includeInIndex = 0; path = XFinder.app; sourceTree = BUILT_PRODUCTS_DIR; };
		100000000000000000000011 /* Shared.xcconfig */ = {isa = PBXFileReference; lastKnownFileType = text.xcconfig; path = Shared.xcconfig; sourceTree = "<group>"; };
		100000000000000000000012 /* Blank.docx */ = {isa = PBXFileReference; lastKnownFileType = file; path = Blank.docx; sourceTree = "<group>"; };
		100000000000000000000013 /* Blank.xlsx */ = {isa = PBXFileReference; lastKnownFileType = file; path = Blank.xlsx; sourceTree = "<group>"; };
		100000000000000000000014 /* Blank.pptx */ = {isa = PBXFileReference; lastKnownFileType = file; path = Blank.pptx; sourceTree = "<group>"; };
/* End PBXFileReference section */

/* Begin PBXFrameworksBuildPhase section */
		100000000000000000000201 /* Frameworks */ = {
			isa = PBXFrameworksBuildPhase;
			buildActionMask = 2147483647;
			files = (
			);
			runOnlyForDeploymentPostprocessing = 0;
		};
/* End PBXFrameworksBuildPhase section */

/* Begin PBXGroup section */
		100000000000000000000301 = {
			isa = PBXGroup;
			children = (
				100000000000000000000302 /* XFinder */,
				100000000000000000000308 /* Config */,
				100000000000000000000303 /* Products */,
			);
			sourceTree = "<group>";
		};
		100000000000000000000302 /* XFinder */ = {
			isa = PBXGroup;
			children = (
				100000000000000000000001 /* XFinderApp.swift */,
				100000000000000000000002 /* ContentView.swift */,
				100000000000000000000304 /* Models */,
				100000000000000000000305 /* Services */,
				100000000000000000000306 /* ViewModels */,
				100000000000000000000307 /* Views */,
				100000000000000000000309 /* Templates */,
				100000000000000000000009 /* Assets.xcassets */,
			);
			path = XFinder;
			sourceTree = "<group>";
		};
		100000000000000000000303 /* Products */ = {
			isa = PBXGroup;
			children = (
				100000000000000000000010 /* XFinder.app */,
			);
			name = Products;
			sourceTree = "<group>";
		};
		100000000000000000000304 /* Models */ = {
			isa = PBXGroup;
			children = (
				100000000000000000000003 /* FileItem.swift */,
			);
			path = Models;
			sourceTree = "<group>";
		};
		100000000000000000000305 /* Services */ = {
			isa = PBXGroup;
			children = (
				100000000000000000000004 /* FileSystemService.swift */,
			);
			path = Services;
			sourceTree = "<group>";
		};
		100000000000000000000306 /* ViewModels */ = {
			isa = PBXGroup;
			children = (
				100000000000000000000005 /* BrowserViewModel.swift */,
			);
			path = ViewModels;
			sourceTree = "<group>";
		};
		100000000000000000000307 /* Views */ = {
			isa = PBXGroup;
			children = (
				100000000000000000000006 /* SidebarView.swift */,
				100000000000000000000007 /* PathBarView.swift */,
				100000000000000000000008 /* FileListView.swift */,
			);
			path = Views;
			sourceTree = "<group>";
		};
		100000000000000000000308 /* Config */ = {
			isa = PBXGroup;
			children = (
				100000000000000000000011 /* Shared.xcconfig */,
			);
			path = Config;
			sourceTree = "<group>";
		};
		100000000000000000000309 /* Templates */ = {
			isa = PBXGroup;
			children = (
				100000000000000000000012 /* Blank.docx */,
				100000000000000000000013 /* Blank.xlsx */,
				100000000000000000000014 /* Blank.pptx */,
			);
			path = Templates;
			sourceTree = "<group>";
		};
/* End PBXGroup section */

/* Begin PBXNativeTarget section */
		100000000000000000000401 /* XFinder */ = {
			isa = PBXNativeTarget;
			buildConfigurationList = 100000000000000000000701 /* Build configuration list for PBXNativeTarget "XFinder" */;
			buildPhases = (
				100000000000000000000202 /* Sources */,
				100000000000000000000201 /* Frameworks */,
				100000000000000000000203 /* Resources */,
			);
			buildRules = (
			);
			dependencies = (
			);
			name = XFinder;
			productName = XFinder;
			productReference = 100000000000000000000010 /* XFinder.app */;
			productType = "com.apple.product-type.application";
		};
/* End PBXNativeTarget section */

/* Begin PBXProject section */
		100000000000000000000501 /* Project object */ = {
			isa = PBXProject;
			attributes = {
				BuildIndependentTargetsInParallel = 1;
				LastSwiftUpdateCheck = 2600;
				LastUpgradeCheck = 2600;
				TargetAttributes = {
					100000000000000000000401 = {
						CreatedOnToolsVersion = 26.0;
					};
				};
			};
			buildConfigurationList = 100000000000000000000702 /* Build configuration list for PBXProject "XFinder" */;
			developmentRegion = en;
			hasScannedForEncodings = 0;
			knownRegions = (
				en,
				de,
				Base,
			);
			mainGroup = 100000000000000000000301;
			minimizedProjectReferenceProxies = 1;
			preferredProjectObjectVersion = 77;
			productRefGroup = 100000000000000000000303 /* Products */;
			projectDirPath = "";
			projectRoot = "";
			targets = (
				100000000000000000000401 /* XFinder */,
			);
		};
/* End PBXProject section */

/* Begin PBXResourcesBuildPhase section */
		100000000000000000000203 /* Resources */ = {
			isa = PBXResourcesBuildPhase;
			buildActionMask = 2147483647;
			files = (
				100000000000000000000109 /* Assets.xcassets in Resources */,
				100000000000000000000110 /* Blank.docx in Resources */,
				100000000000000000000111 /* Blank.xlsx in Resources */,
				100000000000000000000112 /* Blank.pptx in Resources */,
			);
			runOnlyForDeploymentPostprocessing = 0;
		};
/* End PBXResourcesBuildPhase section */

/* Begin PBXSourcesBuildPhase section */
		100000000000000000000202 /* Sources */ = {
			isa = PBXSourcesBuildPhase;
			buildActionMask = 2147483647;
			files = (
				100000000000000000000101 /* XFinderApp.swift in Sources */,
				100000000000000000000102 /* ContentView.swift in Sources */,
				100000000000000000000103 /* FileItem.swift in Sources */,
				100000000000000000000104 /* FileSystemService.swift in Sources */,
				100000000000000000000105 /* BrowserViewModel.swift in Sources */,
				100000000000000000000106 /* SidebarView.swift in Sources */,
				100000000000000000000107 /* PathBarView.swift in Sources */,
				100000000000000000000108 /* FileListView.swift in Sources */,
			);
			runOnlyForDeploymentPostprocessing = 0;
		};
/* End PBXSourcesBuildPhase section */

/* Begin XCBuildConfiguration section */
		100000000000000000000601 /* Debug */ = {
			isa = XCBuildConfiguration;
			buildSettings = {
				ALWAYS_SEARCH_USER_PATHS = NO;
				CLANG_ANALYZER_NONNULL = YES;
				CLANG_ENABLE_MODULES = YES;
				CLANG_ENABLE_OBJC_ARC = YES;
				COPY_PHASE_STRIP = NO;
				DEBUG_INFORMATION_FORMAT = dwarf;
				ENABLE_TESTABILITY = YES;
				GCC_C_LANGUAGE_STANDARD = gnu17;
				GCC_OPTIMIZATION_LEVEL = 0;
				ONLY_ACTIVE_ARCH = YES;
				SWIFT_ACTIVE_COMPILATION_CONDITIONS = "DEBUG $(inherited)";
				SWIFT_OPTIMIZATION_LEVEL = "-Onone";
			};
			name = Debug;
		};
		100000000000000000000602 /* Release */ = {
			isa = XCBuildConfiguration;
			buildSettings = {
				ALWAYS_SEARCH_USER_PATHS = NO;
				CLANG_ANALYZER_NONNULL = YES;
				CLANG_ENABLE_MODULES = YES;
				CLANG_ENABLE_OBJC_ARC = YES;
				COPY_PHASE_STRIP = NO;
				DEBUG_INFORMATION_FORMAT = "dwarf-with-dsym";
				ENABLE_NS_ASSERTIONS = NO;
				GCC_C_LANGUAGE_STANDARD = gnu17;
				SWIFT_COMPILATION_MODE = wholemodule;
			};
			name = Release;
		};
		100000000000000000000603 /* Debug */ = {
			isa = XCBuildConfiguration;
			baseConfigurationReference = 100000000000000000000011 /* Shared.xcconfig */;
			buildSettings = {
				ASSETCATALOG_COMPILER_APPICON_NAME = AppIcon;
				ASSETCATALOG_COMPILER_GLOBAL_ACCENT_COLOR_NAME = AccentColor;
				CODE_SIGN_STYLE = Automatic;
				COMBINE_HIDPI_IMAGES = YES;
				CURRENT_PROJECT_VERSION = 1;
				ENABLE_APP_SANDBOX = NO;
				ENABLE_HARDENED_RUNTIME = YES;
				GENERATE_INFOPLIST_FILE = YES;
				INFOPLIST_KEY_CFBundleDisplayName = XFinder;
				INFOPLIST_KEY_LSApplicationCategoryType = "public.app-category.utilities";
				INFOPLIST_KEY_LSBackgroundOnly = NO;
				INFOPLIST_KEY_LSUIElement = NO;
				LD_RUNPATH_SEARCH_PATHS = (
					"$(inherited)",
					"@executable_path/../Frameworks",
				);
				MACOSX_DEPLOYMENT_TARGET = 15.0;
				INFOPLIST_KEY_CFBundleDevelopmentRegion = en;
				MARKETING_VERSION = 0.4.0;
				PRODUCT_BUNDLE_IDENTIFIER = de.heinz-dittmann.XFinder;
				PRODUCT_NAME = "$(TARGET_NAME)";
				SWIFT_EMIT_LOC_STRINGS = YES;
				SWIFT_STRICT_CONCURRENCY = complete;
				SWIFT_VERSION = 6.0;
			};
			name = Debug;
		};
		100000000000000000000604 /* Release */ = {
			isa = XCBuildConfiguration;
			baseConfigurationReference = 100000000000000000000011 /* Shared.xcconfig */;
			buildSettings = {
				ASSETCATALOG_COMPILER_APPICON_NAME = AppIcon;
				ASSETCATALOG_COMPILER_GLOBAL_ACCENT_COLOR_NAME = AccentColor;
				CODE_SIGN_STYLE = Automatic;
				COMBINE_HIDPI_IMAGES = YES;
				CURRENT_PROJECT_VERSION = 1;
				ENABLE_APP_SANDBOX = NO;
				ENABLE_HARDENED_RUNTIME = YES;
				GENERATE_INFOPLIST_FILE = YES;
				INFOPLIST_KEY_CFBundleDisplayName = XFinder;
				INFOPLIST_KEY_LSApplicationCategoryType = "public.app-category.utilities";
				INFOPLIST_KEY_LSBackgroundOnly = NO;
				INFOPLIST_KEY_LSUIElement = NO;
				LD_RUNPATH_SEARCH_PATHS = (
					"$(inherited)",
					"@executable_path/../Frameworks",
				);
				MACOSX_DEPLOYMENT_TARGET = 15.0;
				INFOPLIST_KEY_CFBundleDevelopmentRegion = en;
				MARKETING_VERSION = 0.4.0;
				PRODUCT_BUNDLE_IDENTIFIER = de.heinz-dittmann.XFinder;
				PRODUCT_NAME = "$(TARGET_NAME)";
				SWIFT_EMIT_LOC_STRINGS = YES;
				SWIFT_STRICT_CONCURRENCY = complete;
				SWIFT_VERSION = 6.0;
			};
			name = Release;
		};
/* End XCBuildConfiguration section */

/* Begin XCConfigurationList section */
		100000000000000000000701 /* Build configuration list for PBXNativeTarget "XFinder" */ = {
			isa = XCConfigurationList;
			buildConfigurations = (
				100000000000000000000603 /* Debug */,
				100000000000000000000604 /* Release */,
			);
			defaultConfigurationIsVisible = 0;
			defaultConfigurationName = Release;
		};
		100000000000000000000702 /* Build configuration list for PBXProject "XFinder" */ = {
			isa = XCConfigurationList;
			buildConfigurations = (
				100000000000000000000601 /* Debug */,
				100000000000000000000602 /* Release */,
			);
			defaultConfigurationIsVisible = 0;
			defaultConfigurationName = Release;
		};
/* End XCConfigurationList section */
	};
	rootObject = 100000000000000000000501 /* Project object */;
}
